
Microsoft Visual Studio Solution File, Format Version 12.00
# Visual Studio Version 17
VisualStudioVersion = 17.10.35013.160
MinimumVisualStudioVersion = 10.0.40219.1
Project("{FAE04EC0-301F-11D3-BF4B-00C04F79EFBC}") = "ToDoApi", "ToDoApi\ToDoApi.csproj", "{F2FAEC6E-1E38-4A98-A7D6-F40F2B83C100}"
EndProject
Global
	GlobalSection(SolutionConfigurationPlatforms) = preSolution
		Debug|Any CPU = Debug|Any CPU
		Release|Any CPU = Release|Any CPU
	EndGlobalSection
	GlobalSection(ProjectConfigurationPlatforms) = postSolution
		{F2FAEC6E-1E38-4A98-A7D6-F40F2B83C100}.Debug|Any CPU.ActiveCfg = Debug|Any CPU
		{F2FAEC6E-1E38-4A98-A7D6-F40F2B83C100}.Debug|Any CPU.Build.0 = Debug|Any CPU
		{F2FAEC6E-1E38-4A98-A7D6-F40F2B83C100}.Release|Any CPU.ActiveCfg = Release|Any CPU
		{F2FAEC6E-1E38-4A98-A7D6-F40F2B83C100}.Release|Any CPU.Build.0 = Release|Any CPU
	EndGlobalSection
	GlobalSection(SolutionProperties) = preSolution
		HideSolutionNode = FALSE
	EndGlobalSection
	GlobalSection(ExtensibilityGlobals) = postSolution
		SolutionGuid = {AEF94D41-6A99-41F1-8B77-201DE1700E1E}
	EndGlobalSection
EndGlobal
